
Microsoft Visual Studio Solution File, Format Version 12.00
# Visual Studio Version 16
VisualStudioVersion = 16.0.31624.102
MinimumVisualStudioVersion = 10.0.40219.1
Project("{FAE04EC0-301F-11D3-BF4B-00C04F79EFBC}") = "MedicineShop_Client", "MedicineShop_Client.csproj", "{4E4DF76F-5D21-405B-9FE4-A1860914C7A6}"
EndProject
Global
	GlobalSection(SolutionConfigurationPlatforms) = preSolution
		Debug|Any CPU = Debug|Any CPU
		Release|Any CPU = Release|Any CPU
	EndGlobalSection
	GlobalSection(ProjectConfigurationPlatforms) = postSolution
		{4E4DF76F-5D21-405B-9FE4-A1860914C7A6}.Debug|Any CPU.ActiveCfg = Debug|Any CPU
		{4E4DF76F-5D21-405B-9FE4-A1860914C7A6}.Debug|Any CPU.Build.0 = Debug|Any CPU
		{4E4DF76F-5D21-405B-9FE4-A1860914C7A6}.Release|Any CPU.ActiveCfg = Release|Any CPU
		{4E4DF76F-5D21-405B-9FE4-A1860914C7A6}.Release|Any CPU.Build.0 = Release|Any CPU
	EndGlobalSection
	GlobalSection(SolutionProperties) = preSolution
		HideSolutionNode = FALSE
	EndGlobalSection
	GlobalSection(ExtensibilityGlobals) = postSolution
		SolutionGuid = {94068F25-B462-4574-B71C-221546B0DD1C}
	EndGlobalSection
EndGlobal
